{
  "version": 1,
  "dependencies": {
    "net8.0-windows7.0": {
      "DalamudPackager": {
        "type": "Direct",
        "requested": "[2.1.12, )",
        "resolved": "2.1.12",
        "contentHash": "Sc0PVxvgg4NQjcI8n10/VfUQBAS4O+Fw2pZrAqBdRMbthYGeogzu5+xmIGCGmsEZ/ukMOBuAqiNiB5qA3MRalg=="
      },
      "Penumbra.Api": {
        "type": "Direct",
        "requested": "[5.1.0, )",
        "resolved": "5.1.0",
        "contentHash": "gpTdA1+MKFN1AueyBnDO8Y7bpDfmKw57a+YTpwiNK6mw4lEdO9cSeknkyjWbVrmyB2p2IanhX6c1arS8dTAMtw=="
      },
      "System.Drawing.Common": {
        "type": "Direct",
        "requested": "[8.0.6, )",
        "resolved": "8.0.6",
        "contentHash": "aSwRnJzz6fZ73JvWMMG0KvBwOnXsBTFtfHLriQyAPrDIZ+NrDfl15GWbO/A35k0dtH77D7jfxzEcFF7RONtU/w==",
        "dependencies": {
          "Microsoft.Win32.SystemEvents": "8.0.0"
        }
      },
      "XivCommon": {
        "type": "Direct",
        "requested": "[9.0.0, )",
        "resolved": "9.0.0",
        "contentHash": "avaBp3FmSCi/PiQhntCeBDYOHejdyTWmFtz4pRBVQQ8vHkmRx+YTk1la9dkYBMlXxRXKckEdH1iI1Fu61JlE7w=="
      },
      "Microsoft.Win32.SystemEvents": {
        "type": "Transitive",
        "resolved": "8.0.0",
        "contentHash": "9opKRyOKMCi2xJ7Bj7kxtZ1r9vbzosMvRrdEhVhDz8j8MoBGgB+WmC94yH839NPH+BclAjtQ/pyagvi/8gDLkw=="
      }
    }
  }
}